
Microsoft Visual Studio Solution File, Format Version 12.00
# Visual Studio Version 17
VisualStudioVersion = 17.14.36408.4 d17.14
MinimumVisualStudioVersion = 10.0.40219.1
Project("{FAE04EC0-301F-11D3-BF4B-00C04F79EFBC}") = "SchoolManagement.Api", "SchoolManagement.Api\SchoolManagement.Api.csproj", "{F7240AFB-260E-FC90-436B-03207199FFA9}"
EndProject
Project("{FAE04EC0-301F-11D3-BF4B-00C04F79EFBC}") = "SchoolManagement.Application", "SchoolManagement.Application\SchoolManagement.Application.csproj", "{69FAE525-C825-2739-229B-9B086E162E16}"
EndProject
Project("{FAE04EC0-301F-11D3-BF4B-00C04F79EFBC}") = "SchoolManagement.Domain", "SchoolManagement.Domain\SchoolManagement.Domain.csproj", "{BF40C643-2E30-118D-B973-4B7D9E077397}"
EndProject
Project("{FAE04EC0-301F-11D3-BF4B-00C04F79EFBC}") = "SchoolManagement.Infrastructure", "SchoolManagement.Infrastructure\SchoolManagement.Infrastructure.csproj", "{0FB98DB7-B6E0-A895-7E01-E60BA5167A9F}"
EndProject
Project("{FAE04EC0-301F-11D3-BF4B-00C04F79EFBC}") = "SchoolManagement.UnitTests", "SchoolManagement.UnitTests\SchoolManagement.UnitTests.csproj", "{2BBC718A-5970-CE88-8FFE-7BAC73BA56FE}"
EndProject
Global
	GlobalSection(SolutionConfigurationPlatforms) = preSolution
		Debug|Any CPU = Debug|Any CPU
		Release|Any CPU = Release|Any CPU
	EndGlobalSection
	GlobalSection(ProjectConfigurationPlatforms) = postSolution
		{F7240AFB-260E-FC90-436B-03207199FFA9}.Debug|Any CPU.ActiveCfg = Debug|Any CPU
		{F7240AFB-260E-FC90-436B-03207199FFA9}.Debug|Any CPU.Build.0 = Debug|Any CPU
		{F7240AFB-260E-FC90-436B-03207199FFA9}.Release|Any CPU.ActiveCfg = Release|Any CPU
		{F7240AFB-260E-FC90-436B-03207199FFA9}.Release|Any CPU.Build.0 = Release|Any CPU
		{69FAE525-C825-2739-229B-9B086E162E16}.Debug|Any CPU.ActiveCfg = Debug|Any CPU
		{69FAE525-C825-2739-229B-9B086E162E16}.Debug|Any CPU.Build.0 = Debug|Any CPU
		{69FAE525-C825-2739-229B-9B086E162E16}.Release|Any CPU.ActiveCfg = Release|Any CPU
		{69FAE525-C825-2739-229B-9B086E162E16}.Release|Any CPU.Build.0 = Release|Any CPU
		{BF40C643-2E30-118D-B973-4B7D9E077397}.Debug|Any CPU.ActiveCfg = Debug|Any CPU
		{BF40C643-2E30-118D-B973-4B7D9E077397}.Debug|Any CPU.Build.0 = Debug|Any CPU
		{BF40C643-2E30-118D-B973-4B7D9E077397}.Release|Any CPU.ActiveCfg = Release|Any CPU
		{BF40C643-2E30-118D-B973-4B7D9E077397}.Release|Any CPU.Build.0 = Release|Any CPU
		{0FB98DB7-B6E0-A895-7E01-E60BA5167A9F}.Debug|Any CPU.ActiveCfg = Debug|Any CPU
		{0FB98DB7-B6E0-A895-7E01-E60BA5167A9F}.Debug|Any CPU.Build.0 = Debug|Any CPU
		{0FB98DB7-B6E0-A895-7E01-E60BA5167A9F}.Release|Any CPU.ActiveCfg = Release|Any CPU
		{0FB98DB7-B6E0-A895-7E01-E60BA5167A9F}.Release|Any CPU.Build.0 = Release|Any CPU
		{2BBC718A-5970-CE88-8FFE-7BAC73BA56FE}.Debug|Any CPU.ActiveCfg = Debug|Any CPU
		{2BBC718A-5970-CE88-8FFE-7BAC73BA56FE}.Debug|Any CPU.Build.0 = Debug|Any CPU
		{2BBC718A-5970-CE88-8FFE-7BAC73BA56FE}.Release|Any CPU.ActiveCfg = Release|Any CPU
		{2BBC718A-5970-CE88-8FFE-7BAC73BA56FE}.Release|Any CPU.Build.0 = Release|Any CPU
	EndGlobalSection
	GlobalSection(SolutionProperties) = preSolution
		HideSolutionNode = FALSE
	EndGlobalSection
	GlobalSection(ExtensibilityGlobals) = postSolution
		SolutionGuid = {538A5DE2-E72C-4B4E-B61B-571FA7E58EAA}
	EndGlobalSection
EndGlobal
